github.com/adrian-gheorghe/mediafaker-processors v0.0.0-20190615095749-0648a022a73e h1:dl4IlemM7DzfB7X3xDF3bM8VufOnEXuVCST/HIO7fn8=
github.com/adrian-gheorghe/mediafaker-processors v0.0.0-20190615095749-0648a022a73e/go.mod h1:XMQ4tZGdN1jFk4YY7rVCljC8yLzPU7E/5qhAfhaezhA=
github.com/adrian-gheorghe/mediafaker-processors v0.0.0-20190615101520-5763710f712e h1:eRWZ6eAh49efa6kaaU1wKJP8GT/sp3bxJ8cl1pyyJuY=
github.com/adrian-gheorghe/mediafaker-processors v0.0.0-20190615101520-5763710f712e/go.mod h1:XMQ4tZGdN1jFk4YY7rVCljC8yLzPU7E/5qhAfhaezhA=
github.com/adrian-gheorghe/mediafaker-processors v0.0.0-20190615110646-74d43bc1cfa6 h1:DbTyEO2r1Toma+osEneZuZc60aIp4ijroKeHMO4Y7wI=
github.com/adrian-gheorghe/mediafaker-processors v0.0.0-20190615110646-74d43bc1cfa6/go.mod h1:XMQ4tZGdN1jFk4YY7rVCljC8yLzPU7E/5qhAfhaezhA=
github.com/adrian-gheorghe/mediafaker-processors v0.0.0-20190615113228-842b35782e04 h1:RQBonNHzEpg66K0xvBM3tysv8Oov0U5ENCo/DEGoqx8=
github.com/adrian-gheorghe/mediafaker-processors v0.0.0-20190615113228-842b35782e04/go.mod h1:XMQ4tZGdN1jFk4YY7rVCljC8yLzPU7E/5qhAfhaezhA=
github.com/adrian-gheorghe/mediafaker-processors v0.0.0-20190615120717-d2c52246cfd8 h1:WJxqOb9SfxPPAQxjI/ECbbbVDfkxgr1ctAMBBWt4bTM=
github.com/adrian-gheorghe/mediafaker-processors v0.0.0-20190615120717-d2c52246cfd8/go.mod h1:XMQ4tZGdN1jFk4YY7rVCljC8yLzPU7E/5qhAfhaezhA=
github.com/google/go-cmp v0.2.0 h1:+dTQ8DZQJz0Mb/HjFlkptS1FeQ4cWSnN941F8aEG4SQ=
github.com/google/go-cmp v0.2.0/go.mod h1:oXzfMopK8JAjlY9xF4vHSVASa0yLyX7SntLO5aqRK0M=
github.com/karrick/godirwalk v1.7.8 h1:VfG72pyIxgtC7+3X9CMHI0AOl4LwyRAg98WAgsvffi8=
github.com/karrick/godirwalk v1.7.8/go.mod h1:2c9FRhkDxdIbgkOnCEvnSWs71Bhugbl46shStcFDJ34=
github.com/pkg/errors v0.8.0 h1:WdK/asTD0HN+q6hsWO3/vpuAkAr+tw6aNJNDFFf0+qw=
github.com/pkg/errors v0.8.0/go.mod h1:bwawxfHBFNV+L2hUp1rHADufV3IMtnDRdf1r5NINEl0=
gopkg.in/check.v1 v0.0.0-20161208181325-20d25e280405/go.mod h1:Co6ibVJAznAaIkqp8huTwlJQCZ016jof/cbN4VW5Yz0=
gopkg.in/yaml.v2 v2.2.2 h1:ZCJp+EgiOT7lHqUV2J862kp8Qj64Jo6az82+3Td9dZw=
gopkg.in/yaml.v2 v2.2.2/go.mod h1:hI93XBmqTisBFMUTm0b8Fm+jr3Dg1NNxqwp+5A1VGuI=
