github.com/adrian-gheorghe/mediafaker-processors v0.0.0-20190615095749-0648a022a73e h1:dl4IlemM7DzfB7X3xDF3bM8VufOnEXuVCST/HIO7fn8=
github.com/adrian-gheorghe/mediafaker-processors v0.0.0-20190615095749-0648a022a73e/go.mod h1:XMQ4tZGdN1jFk4YY7rVCljC8yLzPU7E/5qhAfhaezhA=
github.com/adrian-gheorghe/mediafaker-processors v0.0.0-20190615101520-5763710f712e h1:eRWZ6eAh49efa6kaaU1wKJP8GT/sp3bxJ8cl1pyyJuY=
github.com/adrian-gheorghe/mediafaker-processors v0.0.0-20190615101520-5763710f712e/go.mod h1:XMQ4tZGdN1jFk4YY7rVCljC8yLzPU7E/5qhAfhaezhA=
github.com/adrian-gheorghe/mediafaker-processors v0.0.0-20190615110646-74d43bc1cfa6 h1:DbTyEO2r1Toma+osEneZuZc60aIp4ijroKeHMO4Y7wI=
github.com/adrian-gheorghe/mediafaker-processors v0.0.0-20190615110646-74d43bc1cfa6/go.mod h1:XMQ4tZGdN1jFk4YY7rVCljC8yLzPU7E/5qhAfhaezhA=
github.com/adrian-gheorghe/mediafaker-processors v0.0.0-20190615113228-842b35782e04 h1:RQBonNHzEpg66K0xvBM3tysv8Oov0U5ENCo/DEGoqx8=
github.com/adrian-gheorghe/mediafaker-processors v0.0.0-20190615113228-842b35782e04/go.mod h1:XMQ4tZGdN1jFk4YY7rVCljC8yLzPU7E/5qhAfhaezhA=
github.com/adrian-gheorghe/mediafaker-processors v0.0.0-20190615120717-d2c52246cfd8 h1:WJxqOb9SfxPPAQxjI/ECbbbVDfkxgr1ctAMBBWt4bTM=
github.com/adrian-gheorghe/mediafaker-processors v0.0.0-20190615120717-d2c52246cfd8/go.mod h1:XMQ4tZGdN1jFk4YY7rVCljC8yLzPU7E/5qhAfhaezhA=
github.com/adrian-gheorghe/mediafaker-processors v0.0.0-20190622092059-1bd10273240a h1:0qhVKqReU2wOkSEimQpzIHcIPZriCGZ3BDbtShAj2Yg=
github.com/adrian-gheorghe/mediafaker-processors v0.0.0-20190622092059-1bd10273240a/go.mod h1:XMQ4tZGdN1jFk4YY7rVCljC8yLzPU7E/5qhAfhaezhA=
github.com/adrian-gheorghe/mediafaker-processors v0.0.0-20190622123926-8caee13f95d2 h1:3YN6AifBecsv05H7CO9goAGDO/Az9ktF9b30zHwckvg=
github.com/adrian-gheorghe/mediafaker-processors v0.0.0-20190622123926-8caee13f95d2/go.mod h1:XMQ4tZGdN1jFk4YY7rVCljC8yLzPU7E/5qhAfhaezhA=
github.com/adrian-gheorghe/mediafaker-processors v0.0.0-20190622125235-b39ed988b822 h1:k61efED6zIajojVUQlpioMAgxhTXp7MmBJrNxNOjYtI=
github.com/adrian-gheorghe/mediafaker-processors v0.0.0-20190622125235-b39ed988b822/go.mod h1:XMQ4tZGdN1jFk4YY7rVCljC8yLzPU7E/5qhAfhaezhA=
github.com/adrian-gheorghe/mediafaker-processors v0.0.0-20190622162552-1492def4cf38 h1:LHEah2MEmNjlxVWbB6eFDZdtsBZeZAYjKhx/HbTBG/Q=
github.com/adrian-gheorghe/mediafaker-processors v0.0.0-20190622162552-1492def4cf38/go.mod h1:XMQ4tZGdN1jFk4YY7rVCljC8yLzPU7E/5qhAfhaezhA=
github.com/adrian-gheorghe/mediafaker-processors v0.0.0-20190623184942-a5b62153758c h1:rlVfxhXJGM9SNu6HLbo2akHBUZL1hBp5VWojeUWTwFg=
github.com/adrian-gheorghe/mediafaker-processors v0.0.0-20190623184942-a5b62153758c/go.mod h1:XMQ4tZGdN1jFk4YY7rVCljC8yLzPU7E/5qhAfhaezhA=
github.com/adrian-gheorghe/mediafaker-processors v0.0.0-20190623225021-f4abfe8de809 h1:hu/AefV1ULWMVFtrIFvem5NJGtodjJGt6TinIzTHTxs=
github.com/adrian-gheorghe/mediafaker-processors v0.0.0-20190623225021-f4abfe8de809/go.mod h1:XMQ4tZGdN1jFk4YY7rVCljC8yLzPU7E/5qhAfhaezhA=
github.com/adrian-gheorghe/mediafaker-processors v0.0.0-20190623225712-ed373a4f9dc0 h1:XmTeRu/ic8TumTj76jkp6sicQwRYcS8thN6cVssnx8E=
github.com/adrian-gheorghe/mediafaker-processors v0.0.0-20190623225712-ed373a4f9dc0/go.mod h1:XMQ4tZGdN1jFk4YY7rVCljC8yLzPU7E/5qhAfhaezhA=
github.com/adrian-gheorghe/mediafaker-processors v0.0.0-20190624214638-5b84f776de6c h1:Z6MdEkKMWHCqM2bG89Q5SqnooUyigMfQf2IunkveluA=
github.com/adrian-gheorghe/mediafaker-processors v0.0.0-20190624214638-5b84f776de6c/go.mod h1:XMQ4tZGdN1jFk4YY7rVCljC8yLzPU7E/5qhAfhaezhA=
github.com/adrian-gheorghe/mediafaker-processors v0.0.0-20190624223250-53c026784220 h1:BxtqP9NkS+kLHlIkBW3UsWm4c4MaGr2rInMqUpsDJ0A=
github.com/adrian-gheorghe/mediafaker-processors v0.0.0-20190624223250-53c026784220/go.mod h1:XMQ4tZGdN1jFk4YY7rVCljC8yLzPU7E/5qhAfhaezhA=
github.com/davecgh/go-spew v1.1.1/go.mod h1:J7Y8YcW2NihsgmVo/mv3lAwl/skON4iLHjSsI+c5H38=
github.com/google/go-cmp v0.2.0 h1:+dTQ8DZQJz0Mb/HjFlkptS1FeQ4cWSnN941F8aEG4SQ=
github.com/google/go-cmp v0.2.0/go.mod h1:oXzfMopK8JAjlY9xF4vHSVASa0yLyX7SntLO5aqRK0M=
github.com/karrick/godirwalk v1.7.8 h1:VfG72pyIxgtC7+3X9CMHI0AOl4LwyRAg98WAgsvffi8=
github.com/karrick/godirwalk v1.7.8/go.mod h1:2c9FRhkDxdIbgkOnCEvnSWs71Bhugbl46shStcFDJ34=
github.com/konsorten/go-windows-terminal-sequences v1.0.1/go.mod h1:T0+1ngSBFLxvqU3pZ+m/2kptfBszLMUkC4ZK/EgS/cQ=
github.com/pkg/errors v0.8.0 h1:WdK/asTD0HN+q6hsWO3/vpuAkAr+tw6aNJNDFFf0+qw=
github.com/pkg/errors v0.8.0/go.mod h1:bwawxfHBFNV+L2hUp1rHADufV3IMtnDRdf1r5NINEl0=
github.com/pmezard/go-difflib v1.0.0/go.mod h1:iKH77koFhYxTK1pcRnkKkqfTogsbg7gZNVY4sRDYZ/4=
github.com/sirupsen/logrus v1.4.2 h1:SPIRibHv4MatM3XXNO2BJeFLZwZ2LvZgfQ5+UNI2im4=
github.com/sirupsen/logrus v1.4.2/go.mod h1:tLMulIdttU9McNUspp0xgXVQah82FyeX6MwdIuYE2rE=
github.com/stretchr/objx v0.1.1/go.mod h1:HFkY916IF+rwdDfMAkV7OtwuqBVzrE8GR6GFx+wExME=
github.com/stretchr/testify v1.2.2/go.mod h1:a8OnRcib4nhh0OaRAV+Yts87kKdq0PP7pXfy6kDkUVs=
golang.org/x/sys v0.0.0-20190422165155-953cdadca894 h1:Cz4ceDQGXuKRnVBDTS23GTn/pU5OE2C0WrNTOYK1Uuc=
golang.org/x/sys v0.0.0-20190422165155-953cdadca894/go.mod h1:h1NjWce9XRLGQEsW7wpKNCjG9DtNlClVuFLEZdDNbEs=
gopkg.in/check.v1 v0.0.0-20161208181325-20d25e280405/go.mod h1:Co6ibVJAznAaIkqp8huTwlJQCZ016jof/cbN4VW5Yz0=
gopkg.in/yaml.v2 v2.2.2 h1:ZCJp+EgiOT7lHqUV2J862kp8Qj64Jo6az82+3Td9dZw=
gopkg.in/yaml.v2 v2.2.2/go.mod h1:hI93XBmqTisBFMUTm0b8Fm+jr3Dg1NNxqwp+5A1VGuI=
